{
  "version": 4,
  "terraform_version": "1.6.5",
  "serial": 13,
  "lineage": "82b0b808-2b79-b378-42df-a8b19e383b95",
  "outputs": {
    "aws_region": {
      "value": "us-east-1",
      "type": "string"
    },
    "cloudwatch_log_group_bedrock": {
      "value": "/aws/bedrock/rag-bedrock-dev/invocations",
      "type": "string"
    },
    "cloudwatch_log_group_pipeline": {
      "value": "/app/rag-bedrock-dev/pipeline",
      "type": "string"
    },
    "env_export_block": {
      "value": "# ── Paste these into your shell ───────────────────────────────────────\nexport AWS_REGION=\"us-east-1\"\nexport AWS_ROLE_ARN=\"arn:aws:iam::650453409529:role/rag-bedrock-dev-pipeline-role\"\nexport KMS_KEY_ARN=\"\"\nexport CLOUDWATCH_LOG_GROUP=\"/app/rag-bedrock-dev/pipeline\"\n\n# ── Set these manually (not managed by Terraform) ─────────────────────\n# export VECTOR_BUCKET_NAME=\u003cyour-bucket-name\u003e      # created by Python ingest\n# export VECTOR_INDEX_NAME=hr-policy-index          # created by Python ingest\n# export BEDROCK_GENERATION_MODEL_ID=us.anthropic.claude-haiku-4-5-20251001-v1:0\n# export EMBEDDING_DIMENSIONS=1024\n# ─────────────────────────────────────────────────────────────────────\n",
      "type": "string"
    },
    "iam_role_arn": {
      "value": "arn:aws:iam::650453409529:role/rag-bedrock-dev-pipeline-role",
      "type": "string"
    },
    "iam_role_name": {
      "value": "rag-bedrock-dev-pipeline-role",
      "type": "string"
    },
    "kms_key_alias": {
      "value": "",
      "type": "string"
    },
    "kms_key_arn": {
      "value": "",
      "type": "string"
    }
  },
  "resources": [
    {
      "mode": "data",
      "type": "aws_caller_identity",
      "name": "current",
      "provider": "provider[\"registry.terraform.io/hashicorp/aws\"]",
      "instances": [
        {
          "schema_version": 0,
          "attributes": {
            "account_id": "650453409529",
            "arn": "arn:aws:iam::650453409529:user/vzwx3q",
            "id": "650453409529",
            "user_id": "AIDAI42CWALDHCQRY7VQQ"
          },
          "sensitive_attributes": []
        }
      ]
    },
    {
      "mode": "data",
      "type": "aws_region",
      "name": "current",
      "provider": "provider[\"registry.terraform.io/hashicorp/aws\"]",
      "instances": [
        {
          "schema_version": 0,
          "attributes": {
            "description": "US East (N. Virginia)",
            "endpoint": "ec2.us-east-1.amazonaws.com",
            "id": "us-east-1",
            "name": "us-east-1",
            "region": "us-east-1"
          },
          "sensitive_attributes": []
        }
      ]
    },
    {
      "mode": "managed",
      "type": "aws_bedrock_model_invocation_logging_configuration",
      "name": "this",
      "provider": "provider[\"registry.terraform.io/hashicorp/aws\"]",
      "instances": [
        {
          "index_key": 0,
          "schema_version": 1,
          "attributes": {
            "id": "us-east-1",
            "logging_config": [
              {
                "cloudwatch_config": [
                  {
                    "large_data_delivery_s3_config": [],
                    "log_group_name": "/aws/bedrock/rag-bedrock-dev/invocations",
                    "role_arn": "arn:aws:iam::650453409529:role/rag-bedrock-dev-bedrock-logging-role"
                  }
                ],
                "embedding_data_delivery_enabled": true,
                "image_data_delivery_enabled": false,
                "s3_config": [],
                "text_data_delivery_enabled": true,
                "video_data_delivery_enabled": true
              }
            ],
            "region": "us-east-1"
          },
          "sensitive_attributes": [],
          "dependencies": [
            "aws_cloudwatch_log_group.bedrock_invocations",
            "aws_iam_role.bedrock_logging",
            "aws_iam_role.rag_pipeline",
            "aws_kms_key.s3_vectors",
            "data.aws_caller_identity.current"
          ]
        }
      ]
    },
    {
      "mode": "managed",
      "type": "aws_cloudwatch_log_group",
      "name": "bedrock_invocations",
      "provider": "provider[\"registry.terraform.io/hashicorp/aws\"]",
      "instances": [
        {
          "index_key": 0,
          "schema_version": 0,
          "attributes": {
            "arn": "arn:aws:logs:us-east-1:650453409529:log-group:/aws/bedrock/rag-bedrock-dev/invocations",
            "deletion_protection_enabled": false,
            "id": "/aws/bedrock/rag-bedrock-dev/invocations",
            "kms_key_id": "",
            "log_group_class": "STANDARD",
            "name": "/aws/bedrock/rag-bedrock-dev/invocations",
            "name_prefix": "",
            "region": "us-east-1",
            "retention_in_days": 30,
            "skip_destroy": false,
            "tags": null,
            "tags_all": {
              "Environment": "dev",
              "ManagedBy": "terraform",
              "Project": "rag-bedrock"
            }
          },
          "sensitive_attributes": [],
          "private": "bnVsbA==",
          "dependencies": [
            "aws_iam_role.rag_pipeline",
            "aws_kms_key.s3_vectors",
            "data.aws_caller_identity.current"
          ]
        }
      ]
    },
    {
      "mode": "managed",
      "type": "aws_cloudwatch_log_group",
      "name": "pipeline",
      "provider": "provider[\"registry.terraform.io/hashicorp/aws\"]",
      "instances": [
        {
          "schema_version": 0,
          "attributes": {
            "arn": "arn:aws:logs:us-east-1:650453409529:log-group:/app/rag-bedrock-dev/pipeline",
            "deletion_protection_enabled": false,
            "id": "/app/rag-bedrock-dev/pipeline",
            "kms_key_id": "",
            "log_group_class": "STANDARD",
            "name": "/app/rag-bedrock-dev/pipeline",
            "name_prefix": "",
            "region": "us-east-1",
            "retention_in_days": 30,
            "skip_destroy": false,
            "tags": null,
            "tags_all": {
              "Environment": "dev",
              "ManagedBy": "terraform",
              "Project": "rag-bedrock"
            }
          },
          "sensitive_attributes": [],
          "private": "bnVsbA==",
          "dependencies": [
            "aws_iam_role.rag_pipeline",
            "aws_kms_key.s3_vectors",
            "data.aws_caller_identity.current"
          ]
        }
      ]
    },
    {
      "mode": "managed",
      "type": "aws_iam_policy",
      "name": "bedrock",
      "provider": "provider[\"registry.terraform.io/hashicorp/aws\"]",
      "instances": [
        {
          "schema_version": 0,
          "attributes": {
            "arn": "arn:aws:iam::650453409529:policy/rag-bedrock-dev-bedrock-policy",
            "attachment_count": 0,
            "delay_after_policy_creation_in_ms": null,
            "description": "Bedrock model invocation permissions for RAG pipeline",
            "id": "arn:aws:iam::650453409529:policy/rag-bedrock-dev-bedrock-policy",
            "name": "rag-bedrock-dev-bedrock-policy",
            "name_prefix": "",
            "path": "/",
            "policy": "{\"Statement\":[{\"Action\":[\"bedrock:InvokeModel\",\"bedrock:InvokeModelWithResponseStream\",\"bedrock:Converse\",\"bedrock:ConverseStream\"],\"Effect\":\"Allow\",\"Resource\":[\"arn:aws:bedrock:*::foundation-model/amazon.titan-embed-text-v2:0\",\"arn:aws:bedrock:*::foundation-model/anthropic.claude-haiku-4-5-20251001-v1:0\",\"arn:aws:bedrock:us-east-1::foundation-model/*\",\"arn:aws:bedrock:us-east-1:650453409529:inference-profile/*\"],\"Sid\":\"BedrockInvokeModels\"},{\"Action\":[\"bedrock:ListFoundationModels\",\"bedrock:GetFoundationModel\"],\"Effect\":\"Allow\",\"Resource\":\"*\",\"Sid\":\"BedrockListModels\"}],\"Version\":\"2012-10-17\"}",
            "policy_id": "ANPAZO4QLL345FFJWK3OA",
            "tags": null,
            "tags_all": {
              "Environment": "dev",
              "ManagedBy": "terraform",
              "Project": "rag-bedrock"
            }
          },
          "sensitive_attributes": [],
          "private": "bnVsbA==",
          "dependencies": [
            "data.aws_caller_identity.current",
            "data.aws_region.current"
          ]
        }
      ]
    },
    {
      "mode": "managed",
      "type": "aws_iam_policy",
      "name": "s3_vectors",
      "provider": "provider[\"registry.terraform.io/hashicorp/aws\"]",
      "instances": [
        {
          "schema_version": 0,
          "attributes": {
            "arn": "arn:aws:iam::650453409529:policy/rag-bedrock-dev-s3-vectors-policy",
            "attachment_count": 0,
            "delay_after_policy_creation_in_ms": null,
            "description": "S3 Vectors permissions for RAG pipeline",
            "id": "arn:aws:iam::650453409529:policy/rag-bedrock-dev-s3-vectors-policy",
            "name": "rag-bedrock-dev-s3-vectors-policy",
            "name_prefix": "",
            "path": "/",
            "policy": "{\"Statement\":[{\"Action\":[\"s3vectors:CreateVectorBucket\",\"s3vectors:GetVectorBucket\",\"s3vectors:ListVectorBuckets\",\"s3vectors:DeleteVectorBucket\",\"s3vectors:CreateIndex\",\"s3vectors:GetIndex\",\"s3vectors:ListIndexes\",\"s3vectors:DeleteIndex\",\"s3vectors:PutVectors\",\"s3vectors:GetVectors\",\"s3vectors:ListVectors\",\"s3vectors:QueryVectors\",\"s3vectors:DeleteVectors\"],\"Effect\":\"Allow\",\"Resource\":\"*\",\"Sid\":\"S3VectorsReadWrite\"}],\"Version\":\"2012-10-17\"}",
            "policy_id": "ANPAZO4QLL3426VCQSMMX",
            "tags": null,
            "tags_all": {
              "Environment": "dev",
              "ManagedBy": "terraform",
              "Project": "rag-bedrock"
            }
          },
          "sensitive_attributes": [],
          "private": "bnVsbA=="
        }
      ]
    },
    {
      "mode": "managed",
      "type": "aws_iam_policy",
      "name": "sts",
      "provider": "provider[\"registry.terraform.io/hashicorp/aws\"]",
      "instances": [
        {
          "schema_version": 0,
          "attributes": {
            "arn": "arn:aws:iam::650453409529:policy/rag-bedrock-dev-sts-policy",
            "attachment_count": 0,
            "delay_after_policy_creation_in_ms": null,
            "description": "STS GetCallerIdentity for preflight check",
            "id": "arn:aws:iam::650453409529:policy/rag-bedrock-dev-sts-policy",
            "name": "rag-bedrock-dev-sts-policy",
            "name_prefix": "",
            "path": "/",
            "policy": "{\"Statement\":[{\"Action\":\"sts:GetCallerIdentity\",\"Effect\":\"Allow\",\"Resource\":\"*\",\"Sid\":\"STSGetCallerIdentity\"}],\"Version\":\"2012-10-17\"}",
            "policy_id": "ANPAZO4QLL34ZRA6GOWPG",
            "tags": null,
            "tags_all": {
              "Environment": "dev",
              "ManagedBy": "terraform",
              "Project": "rag-bedrock"
            }
          },
          "sensitive_attributes": [],
          "private": "bnVsbA=="
        }
      ]
    },
    {
      "mode": "managed",
      "type": "aws_iam_role",
      "name": "bedrock_logging",
      "provider": "provider[\"registry.terraform.io/hashicorp/aws\"]",
      "instances": [
        {
          "index_key": 0,
          "schema_version": 0,
          "attributes": {
            "arn": "arn:aws:iam::650453409529:role/rag-bedrock-dev-bedrock-logging-role",
            "assume_role_policy": "{\"Statement\":[{\"Action\":\"sts:AssumeRole\",\"Condition\":{\"StringEquals\":{\"aws:SourceAccount\":\"650453409529\"}},\"Effect\":\"Allow\",\"Principal\":{\"Service\":\"bedrock.amazonaws.com\"}}],\"Version\":\"2012-10-17\"}",
            "create_date": "2026-07-06T14:32:07Z",
            "description": "Allows Bedrock to write invocation logs to CloudWatch",
            "force_detach_policies": false,
            "id": "rag-bedrock-dev-bedrock-logging-role",
            "inline_policy": [],
            "managed_policy_arns": [],
            "max_session_duration": 3600,
            "name": "rag-bedrock-dev-bedrock-logging-role",
            "name_prefix": "",
            "path": "/",
            "permissions_boundary": "",
            "tags": null,
            "tags_all": {
              "Environment": "dev",
              "ManagedBy": "terraform",
              "Project": "rag-bedrock"
            },
            "unique_id": "AROAZO4QLL34SKXV7LY3O"
          },
          "sensitive_attributes": [],
          "private": "bnVsbA==",
          "dependencies": [
            "data.aws_caller_identity.current"
          ]
        }
      ]
    },
    {
      "mode": "managed",
      "type": "aws_iam_role",
      "name": "rag_pipeline",
      "provider": "provider[\"registry.terraform.io/hashicorp/aws\"]",
      "instances": [
        {
          "schema_version": 0,
          "attributes": {
            "arn": "arn:aws:iam::650453409529:role/rag-bedrock-dev-pipeline-role",
            "assume_role_policy": "{\"Statement\":[{\"Action\":\"sts:AssumeRole\",\"Effect\":\"Allow\",\"Principal\":{\"AWS\":\"arn:aws:iam::650453409529:root\",\"Service\":[\"ec2.amazonaws.com\",\"lambda.amazonaws.com\",\"sagemaker.amazonaws.com\"]},\"Sid\":\"AllowAssumeRole\"}],\"Version\":\"2012-10-17\"}",
            "create_date": "2026-07-06T14:32:07Z",
            "description": "Role assumed by the RAG pipeline Python process",
            "force_detach_policies": false,
            "id": "rag-bedrock-dev-pipeline-role",
            "inline_policy": [],
            "managed_policy_arns": [],
            "max_session_duration": 3600,
            "name": "rag-bedrock-dev-pipeline-role",
            "name_prefix": "",
            "path": "/",
            "permissions_boundary": "",
            "tags": null,
            "tags_all": {
              "Environment": "dev",
              "ManagedBy": "terraform",
              "Project": "rag-bedrock"
            },
            "unique_id": "AROAZO4QLL34RHM3BUSHA"
          },
          "sensitive_attributes": [],
          "private": "bnVsbA==",
          "dependencies": [
            "data.aws_caller_identity.current"
          ]
        }
      ]
    },
    {
      "mode": "managed",
      "type": "aws_iam_role_policy",
      "name": "bedrock_logging",
      "provider": "provider[\"registry.terraform.io/hashicorp/aws\"]",
      "instances": [
        {
          "index_key": 0,
          "schema_version": 0,
          "attributes": {
            "id": "rag-bedrock-dev-bedrock-logging-role:rag-bedrock-dev-bedrock-logging-policy",
            "name": "rag-bedrock-dev-bedrock-logging-policy",
            "name_prefix": "",
            "policy": "{\"Version\":\"2012-10-17\",\"Statement\":[{\"Action\":[\"logs:CreateLogStream\",\"logs:PutLogEvents\"],\"Effect\":\"Allow\",\"Resource\":\"arn:aws:logs:us-east-1:650453409529:log-group:/aws/bedrock/rag-bedrock-dev/invocations:*\"}]}",
            "role": "rag-bedrock-dev-bedrock-logging-role"
          },
          "sensitive_attributes": [],
          "private": "bnVsbA==",
          "dependencies": [
            "aws_cloudwatch_log_group.bedrock_invocations",
            "aws_iam_role.bedrock_logging",
            "aws_iam_role.rag_pipeline",
            "aws_kms_key.s3_vectors",
            "data.aws_caller_identity.current"
          ]
        }
      ]
    },
    {
      "mode": "managed",
      "type": "aws_iam_role_policy_attachment",
      "name": "bedrock",
      "provider": "provider[\"registry.terraform.io/hashicorp/aws\"]",
      "instances": [
        {
          "schema_version": 0,
          "attributes": {
            "id": "rag-bedrock-dev-pipeline-role/arn:aws:iam::650453409529:policy/rag-bedrock-dev-bedrock-policy",
            "policy_arn": "arn:aws:iam::650453409529:policy/rag-bedrock-dev-bedrock-policy",
            "role": "rag-bedrock-dev-pipeline-role"
          },
          "sensitive_attributes": [],
          "private": "bnVsbA==",
          "dependencies": [
            "aws_iam_policy.bedrock",
            "aws_iam_role.rag_pipeline",
            "data.aws_caller_identity.current",
            "data.aws_region.current"
          ]
        }
      ]
    },
    {
      "mode": "managed",
      "type": "aws_iam_role_policy_attachment",
      "name": "s3_vectors",
      "provider": "provider[\"registry.terraform.io/hashicorp/aws\"]",
      "instances": [
        {
          "schema_version": 0,
          "attributes": {
            "id": "rag-bedrock-dev-pipeline-role/arn:aws:iam::650453409529:policy/rag-bedrock-dev-s3-vectors-policy",
            "policy_arn": "arn:aws:iam::650453409529:policy/rag-bedrock-dev-s3-vectors-policy",
            "role": "rag-bedrock-dev-pipeline-role"
          },
          "sensitive_attributes": [],
          "private": "bnVsbA==",
          "dependencies": [
            "aws_iam_policy.s3_vectors",
            "aws_iam_role.rag_pipeline",
            "data.aws_caller_identity.current"
          ]
        }
      ]
    },
    {
      "mode": "managed",
      "type": "aws_iam_role_policy_attachment",
      "name": "sts",
      "provider": "provider[\"registry.terraform.io/hashicorp/aws\"]",
      "instances": [
        {
          "schema_version": 0,
          "attributes": {
            "id": "rag-bedrock-dev-pipeline-role/arn:aws:iam::650453409529:policy/rag-bedrock-dev-sts-policy",
            "policy_arn": "arn:aws:iam::650453409529:policy/rag-bedrock-dev-sts-policy",
            "role": "rag-bedrock-dev-pipeline-role"
          },
          "sensitive_attributes": [],
          "private": "bnVsbA==",
          "dependencies": [
            "aws_iam_policy.sts",
            "aws_iam_role.rag_pipeline",
            "data.aws_caller_identity.current"
          ]
        }
      ]
    }
  ],
  "check_results": null
}
